
Microsoft Visual Studio Solution File, Format Version 12.00
# Visual Studio Version 16
VisualStudioVersion = 16.0.31112.23
MinimumVisualStudioVersion = 10.0.40219.1
Project("{FAE04EC0-301F-11D3-BF4B-00C04F79EFBC}") = "Key-Value Store", "Key-Value Store.csproj", "{517B2BE8-1970-492A-B834-12071758029E}"
EndProject
Global
	GlobalSection(SolutionConfigurationPlatforms) = preSolution
		Debug|Any CPU = Debug|Any CPU
		Release|Any CPU = Release|Any CPU
	EndGlobalSection
	GlobalSection(ProjectConfigurationPlatforms) = postSolution
		{517B2BE8-1970-492A-B834-12071758029E}.Debug|Any CPU.ActiveCfg = Debug|Any CPU
		{517B2BE8-1970-492A-B834-12071758029E}.Debug|Any CPU.Build.0 = Debug|Any CPU
		{517B2BE8-1970-492A-B834-12071758029E}.Release|Any CPU.ActiveCfg = Release|Any CPU
		{517B2BE8-1970-492A-B834-12071758029E}.Release|Any CPU.Build.0 = Release|Any CPU
	EndGlobalSection
	GlobalSection(SolutionProperties) = preSolution
		HideSolutionNode = FALSE
	EndGlobalSection
	GlobalSection(ExtensibilityGlobals) = postSolution
		SolutionGuid = {12608EEC-267E-4FE5-A655-F274C95943EB}
	EndGlobalSection
EndGlobal
