
Microsoft Visual Studio Solution File, Format Version 12.00
# Visual Studio Version 16
VisualStudioVersion = 16.0.31112.23
MinimumVisualStudioVersion = 10.0.40219.1
Project("{FAE04EC0-301F-11D3-BF4B-00C04F79EFBC}") = "MathGames", "MathGames.csproj", "{EA154832-66A0-49CC-A62B-0821C1F3524A}"
EndProject
Global
	GlobalSection(SolutionConfigurationPlatforms) = preSolution
		Debug|Any CPU = Debug|Any CPU
		Release|Any CPU = Release|Any CPU
	EndGlobalSection
	GlobalSection(ProjectConfigurationPlatforms) = postSolution
		{EA154832-66A0-49CC-A62B-0821C1F3524A}.Debug|Any CPU.ActiveCfg = Debug|Any CPU
		{EA154832-66A0-49CC-A62B-0821C1F3524A}.Debug|Any CPU.Build.0 = Debug|Any CPU
		{EA154832-66A0-49CC-A62B-0821C1F3524A}.Release|Any CPU.ActiveCfg = Release|Any CPU
		{EA154832-66A0-49CC-A62B-0821C1F3524A}.Release|Any CPU.Build.0 = Release|Any CPU
	EndGlobalSection
	GlobalSection(SolutionProperties) = preSolution
		HideSolutionNode = FALSE
	EndGlobalSection
	GlobalSection(ExtensibilityGlobals) = postSolution
		SolutionGuid = {6D12CC54-7C3E-4646-B5CA-CA8245B812A9}
	EndGlobalSection
EndGlobal
