
Microsoft Visual Studio Solution File, Format Version 12.00
# Visual Studio Version 16
VisualStudioVersion = 16.0.31112.23
MinimumVisualStudioVersion = 10.0.40219.1
Project("{FAE04EC0-301F-11D3-BF4B-00C04F79EFBC}") = "PasswordAuthAndEncryption", "PasswordAuthAndEncryption.csproj", "{C998D283-9F6A-4A07-87EC-B12899F46446}"
EndProject
Global
	GlobalSection(SolutionConfigurationPlatforms) = preSolution
		Debug|Any CPU = Debug|Any CPU
		Release|Any CPU = Release|Any CPU
	EndGlobalSection
	GlobalSection(ProjectConfigurationPlatforms) = postSolution
		{C998D283-9F6A-4A07-87EC-B12899F46446}.Debug|Any CPU.ActiveCfg = Debug|Any CPU
		{C998D283-9F6A-4A07-87EC-B12899F46446}.Debug|Any CPU.Build.0 = Debug|Any CPU
		{C998D283-9F6A-4A07-87EC-B12899F46446}.Release|Any CPU.ActiveCfg = Release|Any CPU
		{C998D283-9F6A-4A07-87EC-B12899F46446}.Release|Any CPU.Build.0 = Release|Any CPU
	EndGlobalSection
	GlobalSection(SolutionProperties) = preSolution
		HideSolutionNode = FALSE
	EndGlobalSection
	GlobalSection(ExtensibilityGlobals) = postSolution
		SolutionGuid = {19AB400D-2EDE-4140-9DB1-36485A643E35}
	EndGlobalSection
EndGlobal
