
Microsoft Visual Studio Solution File, Format Version 12.00
# Visual Studio Version 16
VisualStudioVersion = 16.0.30320.27
MinimumVisualStudioVersion = 10.0.40219.1
Project("{FAE04EC0-301F-11D3-BF4B-00C04F79EFBC}") = "MyFirstApp", "MyFirstApp\MyFirstApp.csproj", "{1FEE5354-3E84-4D12-994E-16F28C2766B2}"
EndProject
Global
	GlobalSection(SolutionConfigurationPlatforms) = preSolution
		Debug|Any CPU = Debug|Any CPU
		Release|Any CPU = Release|Any CPU
	EndGlobalSection
	GlobalSection(ProjectConfigurationPlatforms) = postSolution
		{1FEE5354-3E84-4D12-994E-16F28C2766B2}.Debug|Any CPU.ActiveCfg = Debug|Any CPU
		{1FEE5354-3E84-4D12-994E-16F28C2766B2}.Debug|Any CPU.Build.0 = Debug|Any CPU
		{1FEE5354-3E84-4D12-994E-16F28C2766B2}.Release|Any CPU.ActiveCfg = Release|Any CPU
		{1FEE5354-3E84-4D12-994E-16F28C2766B2}.Release|Any CPU.Build.0 = Release|Any CPU
	EndGlobalSection
	GlobalSection(SolutionProperties) = preSolution
		HideSolutionNode = FALSE
	EndGlobalSection
	GlobalSection(ExtensibilityGlobals) = postSolution
		SolutionGuid = {2A3EB97A-1D11-4731-AE18-315DBCC28480}
	EndGlobalSection
EndGlobal
