
Microsoft Visual Studio Solution File, Format Version 12.00
# Visual Studio Version 16
VisualStudioVersion = 16.0.31112.23
MinimumVisualStudioVersion = 10.0.40219.1
Project("{FAE04EC0-301F-11D3-BF4B-00C04F79EFBC}") = "Settings", "Settings.csproj", "{388DD748-C90E-4FD3-A7AD-43104E57A5FD}"
EndProject
Global
	GlobalSection(SolutionConfigurationPlatforms) = preSolution
		Debug|Any CPU = Debug|Any CPU
		Release|Any CPU = Release|Any CPU
	EndGlobalSection
	GlobalSection(ProjectConfigurationPlatforms) = postSolution
		{388DD748-C90E-4FD3-A7AD-43104E57A5FD}.Debug|Any CPU.ActiveCfg = Debug|Any CPU
		{388DD748-C90E-4FD3-A7AD-43104E57A5FD}.Debug|Any CPU.Build.0 = Debug|Any CPU
		{388DD748-C90E-4FD3-A7AD-43104E57A5FD}.Release|Any CPU.ActiveCfg = Release|Any CPU
		{388DD748-C90E-4FD3-A7AD-43104E57A5FD}.Release|Any CPU.Build.0 = Release|Any CPU
	EndGlobalSection
	GlobalSection(SolutionProperties) = preSolution
		HideSolutionNode = FALSE
	EndGlobalSection
	GlobalSection(ExtensibilityGlobals) = postSolution
		SolutionGuid = {988BA895-7C78-49D0-B938-DD683C0BD5A4}
	EndGlobalSection
EndGlobal
