
Microsoft Visual Studio Solution File, Format Version 12.00
# Visual Studio Version 16
VisualStudioVersion = 16.0.30907.101
MinimumVisualStudioVersion = 10.0.40219.1
Project("{FAE04EC0-301F-11D3-BF4B-00C04F79EFBC}") = "Ex2BOptionalParametersV2", "Ex2BOptionalParametersV2.csproj", "{2D4B0101-EC24-4221-A4CC-69FF2D6848E6}"
EndProject
Global
	GlobalSection(SolutionConfigurationPlatforms) = preSolution
		Debug|Any CPU = Debug|Any CPU
		Release|Any CPU = Release|Any CPU
	EndGlobalSection
	GlobalSection(ProjectConfigurationPlatforms) = postSolution
		{2D4B0101-EC24-4221-A4CC-69FF2D6848E6}.Debug|Any CPU.ActiveCfg = Debug|Any CPU
		{2D4B0101-EC24-4221-A4CC-69FF2D6848E6}.Debug|Any CPU.Build.0 = Debug|Any CPU
		{2D4B0101-EC24-4221-A4CC-69FF2D6848E6}.Release|Any CPU.ActiveCfg = Release|Any CPU
		{2D4B0101-EC24-4221-A4CC-69FF2D6848E6}.Release|Any CPU.Build.0 = Release|Any CPU
	EndGlobalSection
	GlobalSection(SolutionProperties) = preSolution
		HideSolutionNode = FALSE
	EndGlobalSection
	GlobalSection(ExtensibilityGlobals) = postSolution
		SolutionGuid = {D2F7E6C8-E188-47E5-BEFA-8602BC40B076}
	EndGlobalSection
EndGlobal
