
Microsoft Visual Studio Solution File, Format Version 12.00
# Visual Studio Version 16
VisualStudioVersion = 16.0.30320.27
MinimumVisualStudioVersion = 10.0.40219.1
Project("{FAE04EC0-301F-11D3-BF4B-00C04F79EFBC}") = "NumberGuessingGame", "NumberGuessingGame\NumberGuessingGame.csproj", "{54DAFEA4-D0E9-481D-B789-DAE137C6E42D}"
EndProject
Global
	GlobalSection(SolutionConfigurationPlatforms) = preSolution
		Debug|Any CPU = Debug|Any CPU
		Release|Any CPU = Release|Any CPU
	EndGlobalSection
	GlobalSection(ProjectConfigurationPlatforms) = postSolution
		{54DAFEA4-D0E9-481D-B789-DAE137C6E42D}.Debug|Any CPU.ActiveCfg = Debug|Any CPU
		{54DAFEA4-D0E9-481D-B789-DAE137C6E42D}.Debug|Any CPU.Build.0 = Debug|Any CPU
		{54DAFEA4-D0E9-481D-B789-DAE137C6E42D}.Release|Any CPU.ActiveCfg = Release|Any CPU
		{54DAFEA4-D0E9-481D-B789-DAE137C6E42D}.Release|Any CPU.Build.0 = Release|Any CPU
	EndGlobalSection
	GlobalSection(SolutionProperties) = preSolution
		HideSolutionNode = FALSE
	EndGlobalSection
	GlobalSection(ExtensibilityGlobals) = postSolution
		SolutionGuid = {018AFF7C-3C2C-4E48-A272-D5B646A83AFC}
	EndGlobalSection
EndGlobal
