
Microsoft Visual Studio Solution File, Format Version 12.00
# Visual Studio Version 16
VisualStudioVersion = 16.0.30804.86
MinimumVisualStudioVersion = 10.0.40219.1
Project("{FAE04EC0-301F-11D3-BF4B-00C04F79EFBC}") = "progex01", "progex01.csproj", "{78A75EEB-B580-4CF1-8565-CD90ACBD45E7}"
EndProject
Global
	GlobalSection(SolutionConfigurationPlatforms) = preSolution
		Debug|Any CPU = Debug|Any CPU
		Release|Any CPU = Release|Any CPU
	EndGlobalSection
	GlobalSection(ProjectConfigurationPlatforms) = postSolution
		{78A75EEB-B580-4CF1-8565-CD90ACBD45E7}.Debug|Any CPU.ActiveCfg = Debug|Any CPU
		{78A75EEB-B580-4CF1-8565-CD90ACBD45E7}.Debug|Any CPU.Build.0 = Debug|Any CPU
		{78A75EEB-B580-4CF1-8565-CD90ACBD45E7}.Release|Any CPU.ActiveCfg = Release|Any CPU
		{78A75EEB-B580-4CF1-8565-CD90ACBD45E7}.Release|Any CPU.Build.0 = Release|Any CPU
	EndGlobalSection
	GlobalSection(SolutionProperties) = preSolution
		HideSolutionNode = FALSE
	EndGlobalSection
	GlobalSection(ExtensibilityGlobals) = postSolution
		SolutionGuid = {8A5C13BE-DBD8-482B-9376-830A4546FE6D}
	EndGlobalSection
EndGlobal
