
Microsoft Visual Studio Solution File, Format Version 12.00
# Visual Studio Version 16
VisualStudioVersion = 16.0.31112.23
MinimumVisualStudioVersion = 10.0.40219.1
Project("{FAE04EC0-301F-11D3-BF4B-00C04F79EFBC}") = "BaseNumberConversion", "BaseNumberConversion.csproj", "{CBBB6325-ABD3-4A0E-8F6D-80415C800F99}"
EndProject
Global
	GlobalSection(SolutionConfigurationPlatforms) = preSolution
		Debug|Any CPU = Debug|Any CPU
		Release|Any CPU = Release|Any CPU
	EndGlobalSection
	GlobalSection(ProjectConfigurationPlatforms) = postSolution
		{CBBB6325-ABD3-4A0E-8F6D-80415C800F99}.Debug|Any CPU.ActiveCfg = Debug|Any CPU
		{CBBB6325-ABD3-4A0E-8F6D-80415C800F99}.Debug|Any CPU.Build.0 = Debug|Any CPU
		{CBBB6325-ABD3-4A0E-8F6D-80415C800F99}.Release|Any CPU.ActiveCfg = Release|Any CPU
		{CBBB6325-ABD3-4A0E-8F6D-80415C800F99}.Release|Any CPU.Build.0 = Release|Any CPU
	EndGlobalSection
	GlobalSection(SolutionProperties) = preSolution
		HideSolutionNode = FALSE
	EndGlobalSection
	GlobalSection(ExtensibilityGlobals) = postSolution
		SolutionGuid = {CD79EAA8-8832-4F0F-95C2-8648C57F419D}
	EndGlobalSection
EndGlobal
