
Microsoft Visual Studio Solution File, Format Version 12.00
# Visual Studio Version 16
VisualStudioVersion = 16.0.31005.135
MinimumVisualStudioVersion = 10.0.40219.1
Project("{FAE04EC0-301F-11D3-BF4B-00C04F79EFBC}") = "DiscordBot", "DiscordBot.csproj", "{7CBCC76E-3EB6-491C-921D-B498F8D02187}"
EndProject
Global
	GlobalSection(SolutionConfigurationPlatforms) = preSolution
		Debug|Any CPU = Debug|Any CPU
		Release|Any CPU = Release|Any CPU
	EndGlobalSection
	GlobalSection(ProjectConfigurationPlatforms) = postSolution
		{7CBCC76E-3EB6-491C-921D-B498F8D02187}.Debug|Any CPU.ActiveCfg = Debug|Any CPU
		{7CBCC76E-3EB6-491C-921D-B498F8D02187}.Debug|Any CPU.Build.0 = Debug|Any CPU
		{7CBCC76E-3EB6-491C-921D-B498F8D02187}.Release|Any CPU.ActiveCfg = Release|Any CPU
		{7CBCC76E-3EB6-491C-921D-B498F8D02187}.Release|Any CPU.Build.0 = Release|Any CPU
	EndGlobalSection
	GlobalSection(SolutionProperties) = preSolution
		HideSolutionNode = FALSE
	EndGlobalSection
	GlobalSection(ExtensibilityGlobals) = postSolution
		SolutionGuid = {39C3FC76-7CDB-46E7-B09D-7B4EEB1E3623}
	EndGlobalSection
EndGlobal
