
Microsoft Visual Studio Solution File, Format Version 12.00
# Visual Studio Version 16
VisualStudioVersion = 16.0.30907.101
MinimumVisualStudioVersion = 10.0.40219.1
Project("{9A19103F-16F7-4668-BE54-9A1E7A4F7556}") = "WhiteBoardSD9", "WhiteBoardSD9.csproj", "{F48CEB73-6107-4F84-A41F-9411AA44FDD4}"
EndProject
Project("{9A19103F-16F7-4668-BE54-9A1E7A4F7556}") = "Alphabetize", "..\Alphabetize\Alphabetize.csproj", "{1C736EDE-DCDB-49BF-BC63-76EEC6747DF2}"
EndProject
Project("{9A19103F-16F7-4668-BE54-9A1E7A4F7556}") = "AlphabetizeTest", "..\AlphabetizeTest\AlphabetizeTest.csproj", "{4B6F9E04-0BD9-4B77-9505-7347AEFFD616}"
EndProject
Project("{9A19103F-16F7-4668-BE54-9A1E7A4F7556}") = "CamelCase", "..\CamelCase\CamelCase.csproj", "{14C03127-2073-4292-83E2-E190F76E5FA5}"
EndProject
Project("{9A19103F-16F7-4668-BE54-9A1E7A4F7556}") = "CamelCaseTest", "..\CamelCaseTest\CamelCaseTest.csproj", "{EB01AB30-72DF-4482-8F16-8B6EE4D3A2F1}"
EndProject
Project("{9A19103F-16F7-4668-BE54-9A1E7A4F7556}") = "Circle", "..\WhiteboarDanSD9\Circle\Circle.csproj", "{4D17963C-777A-4B20-97F5-A80C20EDF0D1}"
EndProject
Project("{9A19103F-16F7-4668-BE54-9A1E7A4F7556}") = "Primes", "..\WhiteboarDanSD9\IsPrime\Primes.csproj", "{1916922A-D932-4847-9FDA-434688E1D3CF}"
EndProject
Project("{9A19103F-16F7-4668-BE54-9A1E7A4F7556}") = "Squares", "..\WhiteboarDanSD9\Squares\Squares.csproj", "{BCED2078-CA45-4613-97A3-105F7064076A}"
EndProject
Project("{9A19103F-16F7-4668-BE54-9A1E7A4F7556}") = "SquaresTest", "..\WhiteboarDanSD9\SquaresTest\SquaresTest.csproj", "{08BC5797-9EB2-458F-BE1A-7F4D5CF392C8}"
EndProject
Project("{9A19103F-16F7-4668-BE54-9A1E7A4F7556}") = "Triangles", "..\WhiteboarDanSD9\Triangles\Triangles.csproj", "{4F175A41-2B3B-4656-999B-23CD67CE7876}"
EndProject
Project("{9A19103F-16F7-4668-BE54-9A1E7A4F7556}") = "TrianglesTest", "..\WhiteboarDanSD9\TrianglesTest\TrianglesTest.csproj", "{919E6674-407A-402C-A94E-4713BD0459FE}"
EndProject
Project("{9A19103F-16F7-4668-BE54-9A1E7A4F7556}") = "PrimesTest", "..\PrimesTest\PrimesTest.csproj", "{ECBC9927-70A1-411C-AFC6-E4A13A2D7366}"
EndProject
Project("{9A19103F-16F7-4668-BE54-9A1E7A4F7556}") = "ArraySort", "..\ArraySort\ArraySort.csproj", "{80E320F9-125B-4EC6-B000-DB4408A5C875}"
EndProject
Project("{9A19103F-16F7-4668-BE54-9A1E7A4F7556}") = "ArraySortTest", "..\ArraySortTest\ArraySortTest.csproj", "{07CBDD40-66D4-4170-B508-43066CBB35B7}"
EndProject
Project("{FAE04EC0-301F-11D3-BF4B-00C04F79EFBC}") = "TransformCSV", "..\CSVtransform\TransformCSV.csproj", "{08FA1626-5FC9-4A29-9D93-6A43B2E7A258}"
EndProject
Global
	GlobalSection(SolutionConfigurationPlatforms) = preSolution
		Debug|Any CPU = Debug|Any CPU
		Release|Any CPU = Release|Any CPU
	EndGlobalSection
	GlobalSection(ProjectConfigurationPlatforms) = postSolution
		{F48CEB73-6107-4F84-A41F-9411AA44FDD4}.Debug|Any CPU.ActiveCfg = Debug|Any CPU
		{F48CEB73-6107-4F84-A41F-9411AA44FDD4}.Debug|Any CPU.Build.0 = Debug|Any CPU
		{F48CEB73-6107-4F84-A41F-9411AA44FDD4}.Release|Any CPU.ActiveCfg = Release|Any CPU
		{F48CEB73-6107-4F84-A41F-9411AA44FDD4}.Release|Any CPU.Build.0 = Release|Any CPU
		{1C736EDE-DCDB-49BF-BC63-76EEC6747DF2}.Debug|Any CPU.ActiveCfg = Debug|Any CPU
		{1C736EDE-DCDB-49BF-BC63-76EEC6747DF2}.Debug|Any CPU.Build.0 = Debug|Any CPU
		{1C736EDE-DCDB-49BF-BC63-76EEC6747DF2}.Release|Any CPU.ActiveCfg = Release|Any CPU
		{1C736EDE-DCDB-49BF-BC63-76EEC6747DF2}.Release|Any CPU.Build.0 = Release|Any CPU
		{4B6F9E04-0BD9-4B77-9505-7347AEFFD616}.Debug|Any CPU.ActiveCfg = Debug|Any CPU
		{4B6F9E04-0BD9-4B77-9505-7347AEFFD616}.Debug|Any CPU.Build.0 = Debug|Any CPU
		{4B6F9E04-0BD9-4B77-9505-7347AEFFD616}.Release|Any CPU.ActiveCfg = Release|Any CPU
		{4B6F9E04-0BD9-4B77-9505-7347AEFFD616}.Release|Any CPU.Build.0 = Release|Any CPU
		{14C03127-2073-4292-83E2-E190F76E5FA5}.Debug|Any CPU.ActiveCfg = Debug|Any CPU
		{14C03127-2073-4292-83E2-E190F76E5FA5}.Debug|Any CPU.Build.0 = Debug|Any CPU
		{14C03127-2073-4292-83E2-E190F76E5FA5}.Release|Any CPU.ActiveCfg = Release|Any CPU
		{14C03127-2073-4292-83E2-E190F76E5FA5}.Release|Any CPU.Build.0 = Release|Any CPU
		{EB01AB30-72DF-4482-8F16-8B6EE4D3A2F1}.Debug|Any CPU.ActiveCfg = Debug|Any CPU
		{EB01AB30-72DF-4482-8F16-8B6EE4D3A2F1}.Debug|Any CPU.Build.0 = Debug|Any CPU
		{EB01AB30-72DF-4482-8F16-8B6EE4D3A2F1}.Release|Any CPU.ActiveCfg = Release|Any CPU
		{EB01AB30-72DF-4482-8F16-8B6EE4D3A2F1}.Release|Any CPU.Build.0 = Release|Any CPU
		{4D17963C-777A-4B20-97F5-A80C20EDF0D1}.Debug|Any CPU.ActiveCfg = Debug|Any CPU
		{4D17963C-777A-4B20-97F5-A80C20EDF0D1}.Debug|Any CPU.Build.0 = Debug|Any CPU
		{4D17963C-777A-4B20-97F5-A80C20EDF0D1}.Release|Any CPU.ActiveCfg = Release|Any CPU
		{4D17963C-777A-4B20-97F5-A80C20EDF0D1}.Release|Any CPU.Build.0 = Release|Any CPU
		{1916922A-D932-4847-9FDA-434688E1D3CF}.Debug|Any CPU.ActiveCfg = Debug|Any CPU
		{1916922A-D932-4847-9FDA-434688E1D3CF}.Debug|Any CPU.Build.0 = Debug|Any CPU
		{1916922A-D932-4847-9FDA-434688E1D3CF}.Release|Any CPU.ActiveCfg = Release|Any CPU
		{1916922A-D932-4847-9FDA-434688E1D3CF}.Release|Any CPU.Build.0 = Release|Any CPU
		{BCED2078-CA45-4613-97A3-105F7064076A}.Debug|Any CPU.ActiveCfg = Debug|Any CPU
		{BCED2078-CA45-4613-97A3-105F7064076A}.Debug|Any CPU.Build.0 = Debug|Any CPU
		{BCED2078-CA45-4613-97A3-105F7064076A}.Release|Any CPU.ActiveCfg = Release|Any CPU
		{BCED2078-CA45-4613-97A3-105F7064076A}.Release|Any CPU.Build.0 = Release|Any CPU
		{08BC5797-9EB2-458F-BE1A-7F4D5CF392C8}.Debug|Any CPU.ActiveCfg = Debug|Any CPU
		{08BC5797-9EB2-458F-BE1A-7F4D5CF392C8}.Debug|Any CPU.Build.0 = Debug|Any CPU
		{08BC5797-9EB2-458F-BE1A-7F4D5CF392C8}.Release|Any CPU.ActiveCfg = Release|Any CPU
		{08BC5797-9EB2-458F-BE1A-7F4D5CF392C8}.Release|Any CPU.Build.0 = Release|Any CPU
		{4F175A41-2B3B-4656-999B-23CD67CE7876}.Debug|Any CPU.ActiveCfg = Debug|Any CPU
		{4F175A41-2B3B-4656-999B-23CD67CE7876}.Debug|Any CPU.Build.0 = Debug|Any CPU
		{4F175A41-2B3B-4656-999B-23CD67CE7876}.Release|Any CPU.ActiveCfg = Release|Any CPU
		{4F175A41-2B3B-4656-999B-23CD67CE7876}.Release|Any CPU.Build.0 = Release|Any CPU
		{919E6674-407A-402C-A94E-4713BD0459FE}.Debug|Any CPU.ActiveCfg = Debug|Any CPU
		{919E6674-407A-402C-A94E-4713BD0459FE}.Debug|Any CPU.Build.0 = Debug|Any CPU
		{919E6674-407A-402C-A94E-4713BD0459FE}.Release|Any CPU.ActiveCfg = Release|Any CPU
		{919E6674-407A-402C-A94E-4713BD0459FE}.Release|Any CPU.Build.0 = Release|Any CPU
		{ECBC9927-70A1-411C-AFC6-E4A13A2D7366}.Debug|Any CPU.ActiveCfg = Debug|Any CPU
		{ECBC9927-70A1-411C-AFC6-E4A13A2D7366}.Debug|Any CPU.Build.0 = Debug|Any CPU
		{ECBC9927-70A1-411C-AFC6-E4A13A2D7366}.Release|Any CPU.ActiveCfg = Release|Any CPU
		{ECBC9927-70A1-411C-AFC6-E4A13A2D7366}.Release|Any CPU.Build.0 = Release|Any CPU
		{80E320F9-125B-4EC6-B000-DB4408A5C875}.Debug|Any CPU.ActiveCfg = Debug|Any CPU
		{80E320F9-125B-4EC6-B000-DB4408A5C875}.Debug|Any CPU.Build.0 = Debug|Any CPU
		{80E320F9-125B-4EC6-B000-DB4408A5C875}.Release|Any CPU.ActiveCfg = Release|Any CPU
		{80E320F9-125B-4EC6-B000-DB4408A5C875}.Release|Any CPU.Build.0 = Release|Any CPU
		{07CBDD40-66D4-4170-B508-43066CBB35B7}.Debug|Any CPU.ActiveCfg = Debug|Any CPU
		{07CBDD40-66D4-4170-B508-43066CBB35B7}.Debug|Any CPU.Build.0 = Debug|Any CPU
		{07CBDD40-66D4-4170-B508-43066CBB35B7}.Release|Any CPU.ActiveCfg = Release|Any CPU
		{07CBDD40-66D4-4170-B508-43066CBB35B7}.Release|Any CPU.Build.0 = Release|Any CPU
		{08FA1626-5FC9-4A29-9D93-6A43B2E7A258}.Debug|Any CPU.ActiveCfg = Debug|Any CPU
		{08FA1626-5FC9-4A29-9D93-6A43B2E7A258}.Debug|Any CPU.Build.0 = Debug|Any CPU
		{08FA1626-5FC9-4A29-9D93-6A43B2E7A258}.Release|Any CPU.ActiveCfg = Release|Any CPU
		{08FA1626-5FC9-4A29-9D93-6A43B2E7A258}.Release|Any CPU.Build.0 = Release|Any CPU
	EndGlobalSection
	GlobalSection(SolutionProperties) = preSolution
		HideSolutionNode = FALSE
	EndGlobalSection
	GlobalSection(ExtensibilityGlobals) = postSolution
		SolutionGuid = {3007AF2C-559A-4C3C-A5F7-263D483E20F0}
	EndGlobalSection
EndGlobal
